
Microsoft Visual Studio Solution File, Format Version 12.00
# Visual Studio Version 17
VisualStudioVersion = 17.3.32929.385
MinimumVisualStudioVersion = 10.0.40219.1
Project("{9A19103F-16F7-4668-BE54-9A1E7A4F7556}") = "AA.PMTOGO.Registrations", "AA.PMTOGO.Registration\AA.PMTOGO.Registrations.csproj", "{D6513D7D-C33D-4652-9CC4-AB80DE5C241C}"
EndProject
Project("{9A19103F-16F7-4668-BE54-9A1E7A4F7556}") = "AA.PMTOGO.Logging", "AA.PMTOGO.Logging\AA.PMTOGO.Logging.csproj", "{882C335D-C4A5-40F1-B243-2CBB4BDD0E6E}"
EndProject
Project("{9A19103F-16F7-4668-BE54-9A1E7A4F7556}") = "AA.PMTOGO.LoggerDAO", "Loggin\AA.PMTOGO.LoggerDAO.csproj", "{0C0D8363-762D-4CC1-BC8E-D97C6470011D}"
EndProject
Project("{2150E333-8FDC-42A3-9474-1A3956D46DE8}") = "DAL", "DAL", "{88D631D3-9D9E-4178-B5AB-543393F57697}"
EndProject
Project("{9A19103F-16F7-4668-BE54-9A1E7A4F7556}") = "AA.PMTOGO.RegistrationDAO", "AA.PMTOGO.RegistrationDAO\AA.PMTOGO.RegistrationDAO.csproj", "{B777762D-AFAD-42C7-8756-40440BACF61A}"
EndProject
Project("{9A19103F-16F7-4668-BE54-9A1E7A4F7556}") = "AA.PMTOGO.Models", "AA.PMTOGO.Models\AA.PMTOGO.Models.csproj", "{6827774E-33C9-4DCA-BD76-C8FC580AB45B}"
EndProject
Project("{2150E333-8FDC-42A3-9474-1A3956D46DE8}") = "Cross-Cutting Concerns", "Cross-Cutting Concerns", "{CBE822DC-95FB-4575-8BF2-0B76851B9192}"
EndProject
Project("{9A19103F-16F7-4668-BE54-9A1E7A4F7556}") = "AA.PMTOGO.RegistrationIntegrationTest", "AA.PMtoGo.Registration.IntegrationTest\AA.PMTOGO.RegistrationIntegrationTest.csproj", "{58B1BA3A-C99A-47A6-8FE1-F4202AC26F91}"
EndProject
Project("{9A19103F-16F7-4668-BE54-9A1E7A4F7556}") = "AA.PMTOGO.RegistrationUnitTest", "AA.PMtoGo.Registration.UnitTest\AA.PMTOGO.RegistrationUnitTest.csproj", "{2AD34784-85A6-483D-A8F9-F92FEFA454A4}"
EndProject
Project("{9A19103F-16F7-4668-BE54-9A1E7A4F7556}") = "AA.PMtoGo.Client", "AA.PMtoGo.Client\AA.PMtoGo.Client.csproj", "{B577AA8B-90DB-4360-8F3B-6DC088620B0A}"
EndProject
Global
	GlobalSection(SolutionConfigurationPlatforms) = preSolution
		Debug|Any CPU = Debug|Any CPU
		Release|Any CPU = Release|Any CPU
	EndGlobalSection
	GlobalSection(ProjectConfigurationPlatforms) = postSolution
		{D6513D7D-C33D-4652-9CC4-AB80DE5C241C}.Debug|Any CPU.ActiveCfg = Debug|Any CPU
		{D6513D7D-C33D-4652-9CC4-AB80DE5C241C}.Debug|Any CPU.Build.0 = Debug|Any CPU
		{D6513D7D-C33D-4652-9CC4-AB80DE5C241C}.Release|Any CPU.ActiveCfg = Release|Any CPU
		{D6513D7D-C33D-4652-9CC4-AB80DE5C241C}.Release|Any CPU.Build.0 = Release|Any CPU
		{882C335D-C4A5-40F1-B243-2CBB4BDD0E6E}.Debug|Any CPU.ActiveCfg = Debug|Any CPU
		{882C335D-C4A5-40F1-B243-2CBB4BDD0E6E}.Debug|Any CPU.Build.0 = Debug|Any CPU
		{882C335D-C4A5-40F1-B243-2CBB4BDD0E6E}.Release|Any CPU.ActiveCfg = Release|Any CPU
		{882C335D-C4A5-40F1-B243-2CBB4BDD0E6E}.Release|Any CPU.Build.0 = Release|Any CPU
		{0C0D8363-762D-4CC1-BC8E-D97C6470011D}.Debug|Any CPU.ActiveCfg = Debug|Any CPU
		{0C0D8363-762D-4CC1-BC8E-D97C6470011D}.Debug|Any CPU.Build.0 = Debug|Any CPU
		{0C0D8363-762D-4CC1-BC8E-D97C6470011D}.Release|Any CPU.ActiveCfg = Release|Any CPU
		{0C0D8363-762D-4CC1-BC8E-D97C6470011D}.Release|Any CPU.Build.0 = Release|Any CPU
		{B777762D-AFAD-42C7-8756-40440BACF61A}.Debug|Any CPU.ActiveCfg = Debug|Any CPU
		{B777762D-AFAD-42C7-8756-40440BACF61A}.Debug|Any CPU.Build.0 = Debug|Any CPU
		{B777762D-AFAD-42C7-8756-40440BACF61A}.Release|Any CPU.ActiveCfg = Release|Any CPU
		{B777762D-AFAD-42C7-8756-40440BACF61A}.Release|Any CPU.Build.0 = Release|Any CPU
		{6827774E-33C9-4DCA-BD76-C8FC580AB45B}.Debug|Any CPU.ActiveCfg = Debug|Any CPU
		{6827774E-33C9-4DCA-BD76-C8FC580AB45B}.Debug|Any CPU.Build.0 = Debug|Any CPU
		{6827774E-33C9-4DCA-BD76-C8FC580AB45B}.Release|Any CPU.ActiveCfg = Release|Any CPU
		{6827774E-33C9-4DCA-BD76-C8FC580AB45B}.Release|Any CPU.Build.0 = Release|Any CPU
		{58B1BA3A-C99A-47A6-8FE1-F4202AC26F91}.Debug|Any CPU.ActiveCfg = Debug|Any CPU
		{58B1BA3A-C99A-47A6-8FE1-F4202AC26F91}.Debug|Any CPU.Build.0 = Debug|Any CPU
		{58B1BA3A-C99A-47A6-8FE1-F4202AC26F91}.Release|Any CPU.ActiveCfg = Release|Any CPU
		{58B1BA3A-C99A-47A6-8FE1-F4202AC26F91}.Release|Any CPU.Build.0 = Release|Any CPU
		{2AD34784-85A6-483D-A8F9-F92FEFA454A4}.Debug|Any CPU.ActiveCfg = Debug|Any CPU
		{2AD34784-85A6-483D-A8F9-F92FEFA454A4}.Debug|Any CPU.Build.0 = Debug|Any CPU
		{2AD34784-85A6-483D-A8F9-F92FEFA454A4}.Release|Any CPU.ActiveCfg = Release|Any CPU
		{2AD34784-85A6-483D-A8F9-F92FEFA454A4}.Release|Any CPU.Build.0 = Release|Any CPU
		{B577AA8B-90DB-4360-8F3B-6DC088620B0A}.Debug|Any CPU.ActiveCfg = Debug|Any CPU
		{B577AA8B-90DB-4360-8F3B-6DC088620B0A}.Debug|Any CPU.Build.0 = Debug|Any CPU
		{B577AA8B-90DB-4360-8F3B-6DC088620B0A}.Release|Any CPU.ActiveCfg = Release|Any CPU
		{B577AA8B-90DB-4360-8F3B-6DC088620B0A}.Release|Any CPU.Build.0 = Release|Any CPU
	EndGlobalSection
	GlobalSection(SolutionProperties) = preSolution
		HideSolutionNode = FALSE
	EndGlobalSection
	GlobalSection(NestedProjects) = preSolution
		{882C335D-C4A5-40F1-B243-2CBB4BDD0E6E} = {CBE822DC-95FB-4575-8BF2-0B76851B9192}
		{0C0D8363-762D-4CC1-BC8E-D97C6470011D} = {88D631D3-9D9E-4178-B5AB-543393F57697}
		{B777762D-AFAD-42C7-8756-40440BACF61A} = {88D631D3-9D9E-4178-B5AB-543393F57697}
	EndGlobalSection
	GlobalSection(ExtensibilityGlobals) = postSolution
		SolutionGuid = {FF6BE589-EB74-4BBE-9925-1EA9E9C04C4B}
	EndGlobalSection
EndGlobal
